
Microsoft Visual Studio Solution File, Format Version 12.00
# Visual Studio Version 17
VisualStudioVersion = 17.9.34728.123
MinimumVisualStudioVersion = 10.0.40219.1
Project("{FAE04EC0-301F-11D3-BF4B-00C04F79EFBC}") = "1.3.26", "1.3.26.csproj", "{FDFC9C5E-6219-499B-979D-4E777CE0E583}"
EndProject
Global
	GlobalSection(SolutionConfigurationPlatforms) = preSolution
		Debug|Any CPU = Debug|Any CPU
		Release|Any CPU = Release|Any CPU
	EndGlobalSection
	GlobalSection(ProjectConfigurationPlatforms) = postSolution
		{FDFC9C5E-6219-499B-979D-4E777CE0E583}.Debug|Any CPU.ActiveCfg = Debug|Any CPU
		{FDFC9C5E-6219-499B-979D-4E777CE0E583}.Debug|Any CPU.Build.0 = Debug|Any CPU
		{FDFC9C5E-6219-499B-979D-4E777CE0E583}.Release|Any CPU.ActiveCfg = Release|Any CPU
		{FDFC9C5E-6219-499B-979D-4E777CE0E583}.Release|Any CPU.Build.0 = Release|Any CPU
	EndGlobalSection
	GlobalSection(SolutionProperties) = preSolution
		HideSolutionNode = FALSE
	EndGlobalSection
	GlobalSection(ExtensibilityGlobals) = postSolution
		SolutionGuid = {E59B5933-941C-4324-A6E8-850D2991BB7D}
	EndGlobalSection
EndGlobal
