
Microsoft Visual Studio Solution File, Format Version 12.00
# Visual Studio Version 17
VisualStudioVersion = 17.9.34728.123
MinimumVisualStudioVersion = 10.0.40219.1
Project("{FAE04EC0-301F-11D3-BF4B-00C04F79EFBC}") = "1.4.26", "1.4.26.csproj", "{1BEF9CDB-542C-48DD-95AF-84C981D58160}"
EndProject
Global
	GlobalSection(SolutionConfigurationPlatforms) = preSolution
		Debug|Any CPU = Debug|Any CPU
		Release|Any CPU = Release|Any CPU
	EndGlobalSection
	GlobalSection(ProjectConfigurationPlatforms) = postSolution
		{1BEF9CDB-542C-48DD-95AF-84C981D58160}.Debug|Any CPU.ActiveCfg = Debug|Any CPU
		{1BEF9CDB-542C-48DD-95AF-84C981D58160}.Debug|Any CPU.Build.0 = Debug|Any CPU
		{1BEF9CDB-542C-48DD-95AF-84C981D58160}.Release|Any CPU.ActiveCfg = Release|Any CPU
		{1BEF9CDB-542C-48DD-95AF-84C981D58160}.Release|Any CPU.Build.0 = Release|Any CPU
	EndGlobalSection
	GlobalSection(SolutionProperties) = preSolution
		HideSolutionNode = FALSE
	EndGlobalSection
	GlobalSection(ExtensibilityGlobals) = postSolution
		SolutionGuid = {86D8CF21-8D72-49E5-87FB-2379BC886D2F}
	EndGlobalSection
EndGlobal
