
Microsoft Visual Studio Solution File, Format Version 12.00
# Visual Studio Version 17
VisualStudioVersion = 17.9.34728.123
MinimumVisualStudioVersion = 10.0.40219.1
Project("{FAE04EC0-301F-11D3-BF4B-00C04F79EFBC}") = "1.1.26", "1.1.26.csproj", "{014931D4-65A2-4FF9-B8A6-9F49C4C08917}"
EndProject
Global
	GlobalSection(SolutionConfigurationPlatforms) = preSolution
		Debug|Any CPU = Debug|Any CPU
		Release|Any CPU = Release|Any CPU
	EndGlobalSection
	GlobalSection(ProjectConfigurationPlatforms) = postSolution
		{014931D4-65A2-4FF9-B8A6-9F49C4C08917}.Debug|Any CPU.ActiveCfg = Debug|Any CPU
		{014931D4-65A2-4FF9-B8A6-9F49C4C08917}.Debug|Any CPU.Build.0 = Debug|Any CPU
		{014931D4-65A2-4FF9-B8A6-9F49C4C08917}.Release|Any CPU.ActiveCfg = Release|Any CPU
		{014931D4-65A2-4FF9-B8A6-9F49C4C08917}.Release|Any CPU.Build.0 = Release|Any CPU
	EndGlobalSection
	GlobalSection(SolutionProperties) = preSolution
		HideSolutionNode = FALSE
	EndGlobalSection
	GlobalSection(ExtensibilityGlobals) = postSolution
		SolutionGuid = {CA37A2BB-2A64-46A2-9AB9-395F20706A24}
	EndGlobalSection
EndGlobal
